
Microsoft Visual Studio Solution File, Format Version 12.00
Project("{FAE04EC0-301F-11D3-BF4B-00C04F79EFBC}") = "SimpleInventoryManagementSystem", "SimpleInventoryManagementSystem.csproj", "{FBAA2E4F-1664-470A-A8D3-DA0E567C4EA4}"
EndProject
Global
	GlobalSection(SolutionConfigurationPlatforms) = preSolution
		Debug|Any CPU = Debug|Any CPU
		Release|Any CPU = Release|Any CPU
	EndGlobalSection
	GlobalSection(ProjectConfigurationPlatforms) = postSolution
		{FBAA2E4F-1664-470A-A8D3-DA0E567C4EA4}.Debug|Any CPU.ActiveCfg = Debug|Any CPU
		{FBAA2E4F-1664-470A-A8D3-DA0E567C4EA4}.Debug|Any CPU.Build.0 = Debug|Any CPU
		{FBAA2E4F-1664-470A-A8D3-DA0E567C4EA4}.Release|Any CPU.ActiveCfg = Release|Any CPU
		{FBAA2E4F-1664-470A-A8D3-DA0E567C4EA4}.Release|Any CPU.Build.0 = Release|Any CPU
	EndGlobalSection
EndGlobal
